
Microsoft Visual Studio Solution File, Format Version 12.00
# Visual Studio 14
VisualStudioVersion = 14.0.25123.0
MinimumVisualStudioVersion = 10.0.40219.1
Project("{FAE04EC0-301F-11D3-BF4B-00C04F79EFBC}") = "ConsoleApplication.UI", "ConsoleApplication.UI\ConsoleApplication.UI.csproj", "{CDF618D2-A824-4E4F-9C5F-FC64BAF63B77}"
EndProject
Project("{FAE04EC0-301F-11D3-BF4B-00C04F79EFBC}") = "MarkExample.Helper", "MarkExample.Helper\MarkExample.Helper.csproj", "{E8AA9D5E-64F1-4BA4-9F77-76FDDCF747BC}"
EndProject
Project("{FAE04EC0-301F-11D3-BF4B-00C04F79EFBC}") = "MarkExample.FileHelper", "MarkExample.FileHelper\MarkExample.FileHelper.csproj", "{17E5E172-38DB-4BDB-86F6-1363887A6DD4}"
EndProject
Global
	GlobalSection(SolutionConfigurationPlatforms) = preSolution
		Debug|Any CPU = Debug|Any CPU
		Release|Any CPU = Release|Any CPU
	EndGlobalSection
	GlobalSection(ProjectConfigurationPlatforms) = postSolution
		{CDF618D2-A824-4E4F-9C5F-FC64BAF63B77}.Debug|Any CPU.ActiveCfg = Debug|Any CPU
		{CDF618D2-A824-4E4F-9C5F-FC64BAF63B77}.Debug|Any CPU.Build.0 = Debug|Any CPU
		{CDF618D2-A824-4E4F-9C5F-FC64BAF63B77}.Release|Any CPU.ActiveCfg = Release|Any CPU
		{CDF618D2-A824-4E4F-9C5F-FC64BAF63B77}.Release|Any CPU.Build.0 = Release|Any CPU
		{E8AA9D5E-64F1-4BA4-9F77-76FDDCF747BC}.Debug|Any CPU.ActiveCfg = Debug|Any CPU
		{E8AA9D5E-64F1-4BA4-9F77-76FDDCF747BC}.Debug|Any CPU.Build.0 = Debug|Any CPU
		{E8AA9D5E-64F1-4BA4-9F77-76FDDCF747BC}.Release|Any CPU.ActiveCfg = Release|Any CPU
		{E8AA9D5E-64F1-4BA4-9F77-76FDDCF747BC}.Release|Any CPU.Build.0 = Release|Any CPU
		{17E5E172-38DB-4BDB-86F6-1363887A6DD4}.Debug|Any CPU.ActiveCfg = Debug|Any CPU
		{17E5E172-38DB-4BDB-86F6-1363887A6DD4}.Debug|Any CPU.Build.0 = Debug|Any CPU
		{17E5E172-38DB-4BDB-86F6-1363887A6DD4}.Release|Any CPU.ActiveCfg = Release|Any CPU
		{17E5E172-38DB-4BDB-86F6-1363887A6DD4}.Release|Any CPU.Build.0 = Release|Any CPU
	EndGlobalSection
	GlobalSection(SolutionProperties) = preSolution
		HideSolutionNode = FALSE
	EndGlobalSection
EndGlobal
